<?xml version="1.0" encoding="utf-8"?>
<Project ToolsVersion="4.0" xmlns="http://schemas.microsoft.com/developer/msbuild/2003">
  <ItemGroup>
    <Filter Include="Source Files">
      <UniqueIdentifier>{4FC737F1-C7A5-4376-A066-2A32D752A2FF}</UniqueIdentifier>
      <Extensions>cpp;c;cc;cxx;def;odl;idl;hpj;bat;asm;asmx</Extensions>
    </Filter>
    <Filter Include="Header Files">
      <UniqueIdentifier>{93995380-89BD-4b04-88EB-625FBE52EBFB}</UniqueIdentifier>
      <Extensions>h;hh;hpp;hxx;hm;inl;inc;xsd</Extensions>
    </Filter>
    <Filter Include="Resource Files">
      <UniqueIdentifier>{67DA6AB6-F800-4c08-8B7A-83BB121AAD01}</UniqueIdentifier>
      <Extensions>rc;ico;cur;bmp;dlg;rc2;rct;bin;rgs;gif;jpg;jpeg;jpe;resx;tiff;tif;png;wav;mfcribbon-ms</Extensions>
    </Filter>
  </ItemGroup>
  <ItemGroup>
    <ClInclude Include="src\Flinty.h">
      <Filter>Header Files</Filter>
    </ClInclude>
    <ClInclude Include="src\fl\Core.h">
      <Filter>Header Files</Filter>
    </ClInclude>
    <ClInclude Include="src\fl\graphics\Window.h">
      <Filter>Header Files</Filter>
    </ClInclude>
    <ClInclude Include="src\fl\graphics\Renderer.h">
      <Filter>Header Files</Filter>
    </ClInclude>
    <ClInclude Include="src\fl\gl.h">
      <Filter>Header Files</Filter>
    </ClInclude>
    <ClInclude Include="src\fl\Common.h">
      <Filter>Header Files</Filter>
    </ClInclude>
    <ClInclude Include="src\fl\graphics\shaders\ShaderUniform.h">
      <Filter>Header Files</Filter>
    </ClInclude>
    <ClInclude Include="src\fl\graphics\shaders\Shader.h">
      <Filter>Header Files</Filter>
    </ClInclude>
    <ClInclude Include="src\fl\graphics\shaders\ShaderFactory.h">
      <Filter>Header Files</Filter>
    </ClInclude>
    <ClInclude Include="src\fl\graphics\shaders\ShaderManager.h">
      <Filter>Header Files</Filter>
    </ClInclude>
    <ClInclude Include="src\fl\graphics\shaders\ShaderResource.h">
      <Filter>Header Files</Filter>
    </ClInclude>
    <ClInclude Include="src\fl\system\FileSystem.h">
      <Filter>Header Files</Filter>
    </ClInclude>
    <ClInclude Include="src\fl\String.h">
      <Filter>Header Files</Filter>
    </ClInclude>
    <ClInclude Include="src\fl\Types.h">
      <Filter>Header Files</Filter>
    </ClInclude>
    <ClInclude Include="src\fl\system\Timer.h">
      <Filter>Header Files</Filter>
    </ClInclude>
    <ClInclude Include="src\fl\graphics\Texture.h">
      <Filter>Header Files</Filter>
    </ClInclude>
    <ClInclude Include="src\fl\assets\AssetManager.h">
      <Filter>Header Files</Filter>
    </ClInclude>
    <ClInclude Include="src\fl\graphics\Texture2D.h">
      <Filter>Header Files</Filter>
    </ClInclude>
    <ClInclude Include="src\fl\assets\Asset.h">
      <Filter>Header Files</Filter>
    </ClInclude>
    <ClInclude Include="src\fl\graphics\Framebuffer.h">
      <Filter>Header Files</Filter>
    </ClInclude>
    <ClInclude Include="src\fl\graphics\Framebuffer2D.h">
      <Filter>Header Files</Filter>
    </ClInclude>
    <ClInclude Include="src\fl\graphics\VertexBuffer.h">
      <Filter>Header Files</Filter>
    </ClInclude>
    <ClInclude Include="src\fl\graphics\IndexBuffer.h">
      <Filter>Header Files</Filter>
    </ClInclude>
    <ClInclude Include="src\fl\graphics\VertexArray.h">
      <Filter>Header Files</Filter>
    </ClInclude>
    <ClInclude Include="src\fl\graphics\VertexBufferLayout.h">
      <Filter>Header Files</Filter>
    </ClInclude>
    <ClInclude Include="src\fl\Layer.h">
      <Filter>Header Files</Filter>
    </ClInclude>
    <ClInclude Include="src\fl\LayerStack.h">
      <Filter>Header Files</Filter>
    </ClInclude>
    <ClInclude Include="src\fl\events\Event.h">
      <Filter>Header Files</Filter>
    </ClInclude>
    <ClInclude Include="src\fl\events\KeyEvent.h">
      <Filter>Header Files</Filter>
    </ClInclude>
    <ClInclude Include="src\fl\events\MouseEvent.h">
      <Filter>Header Files</Filter>
    </ClInclude>
    <ClInclude Include="src\fl\math\AABB.h">
      <Filter>Header Files</Filter>
    </ClInclude>
    <ClInclude Include="src\fl\math\mat4.h">
      <Filter>Header Files</Filter>
    </ClInclude>
    <ClInclude Include="src\fl\math\Quaternion.h">
      <Filter>Header Files</Filter>
    </ClInclude>
    <ClInclude Include="src\fl\math\Rectangle.h">
      <Filter>Header Files</Filter>
    </ClInclude>
    <ClInclude Include="src\fl\math\tvec2.h">
      <Filter>Header Files</Filter>
    </ClInclude>
    <ClInclude Include="src\fl\math\vec2.h">
      <Filter>Header Files</Filter>
    </ClInclude>
    <ClInclude Include="src\fl\math\vec3.h">
      <Filter>Header Files</Filter>
    </ClInclude>
    <ClInclude Include="src\fl\math\vec4.h">
      <Filter>Header Files</Filter>
    </ClInclude>
    <ClInclude Include="src\fl\math\math.h">
      <Filter>Header Files</Filter>
    </ClInclude>
    <ClInclude Include="src\fl\math\math_func.h">
      <Filter>Header Files</Filter>
    </ClInclude>
    <ClInclude Include="src\fl\events\ApplicationEvent.h">
      <Filter>Header Files</Filter>
    </ClInclude>
    <ClInclude Include="src\fl\Application.h">
      <Filter>Header Files</Filter>
    </ClInclude>
    <ClInclude Include="src\fl\debug\ImGuiLayer.h">
      <Filter>Header Files</Filter>
    </ClInclude>
    <ClInclude Include="src\fl\ecs\Component.h">
      <Filter>Header Files</Filter>
    </ClInclude>
    <ClInclude Include="src\fl\ecs\MayaCameraComponent.h">
      <Filter>Header Files</Filter>
    </ClInclude>
    <ClInclude Include="src\fl\graphics\MayaCamera.h">
      <Filter>Header Files</Filter>
    </ClInclude>
    <ClInclude Include="src\fl\Input.h">
      <Filter>Header Files</Filter>
    </ClInclude>
  </ItemGroup>
  <ItemGroup>
    <ClCompile Include="src\fl\Core.cpp">
      <Filter>Source Files</Filter>
    </ClCompile>
    <ClCompile Include="src\fl\graphics\Window.cpp">
      <Filter>Source Files</Filter>
    </ClCompile>
    <ClCompile Include="src\fl\graphics\Renderer.cpp">
      <Filter>Source Files</Filter>
    </ClCompile>
    <ClCompile Include="src\fl\graphics\shaders\Shader.cpp">
      <Filter>Source Files</Filter>
    </ClCompile>
    <ClCompile Include="src\fl\graphics\shaders\ShaderFactory.cpp">
      <Filter>Source Files</Filter>
    </ClCompile>
    <ClCompile Include="src\fl\graphics\shaders\ShaderManager.cpp">
      <Filter>Source Files</Filter>
    </ClCompile>
    <ClCompile Include="src\fl\graphics\shaders\ShaderUniform.cpp">
      <Filter>Source Files</Filter>
    </ClCompile>
    <ClCompile Include="src\fl\graphics\shaders\ShaderResource.cpp">
      <Filter>Source Files</Filter>
    </ClCompile>
    <ClCompile Include="src\fl\system\FileSystem.cpp">
      <Filter>Source Files</Filter>
    </ClCompile>
    <ClCompile Include="src\fl\String.cpp">
      <Filter>Source Files</Filter>
    </ClCompile>
    <ClCompile Include="src\fl\assets\AssetManager.cpp">
      <Filter>Source Files</Filter>
    </ClCompile>
    <ClCompile Include="src\fl\graphics\Texture2D.cpp">
      <Filter>Source Files</Filter>
    </ClCompile>
    <ClCompile Include="src\fl\graphics\Texture.cpp">
      <Filter>Source Files</Filter>
    </ClCompile>
    <ClCompile Include="src\fl\graphics\Framebuffer.cpp">
      <Filter>Source Files</Filter>
    </ClCompile>
    <ClCompile Include="src\fl\graphics\Framebuffer2D.cpp">
      <Filter>Source Files</Filter>
    </ClCompile>
    <ClCompile Include="src\fl\graphics\VertexBuffer.cpp">
      <Filter>Source Files</Filter>
    </ClCompile>
    <ClCompile Include="src\fl\graphics\IndexBuffer.cpp">
      <Filter>Source Files</Filter>
    </ClCompile>
    <ClCompile Include="src\fl\graphics\VertexArray.cpp">
      <Filter>Source Files</Filter>
    </ClCompile>
    <ClCompile Include="src\fl\graphics\VertexBufferLayout.cpp">
      <Filter>Source Files</Filter>
    </ClCompile>
    <ClCompile Include="src\fl\Layer.cpp">
      <Filter>Source Files</Filter>
    </ClCompile>
    <ClCompile Include="src\fl\LayerStack.cpp">
      <Filter>Source Files</Filter>
    </ClCompile>
    <ClCompile Include="src\fl\math\AABB.cpp">
      <Filter>Source Files</Filter>
    </ClCompile>
    <ClCompile Include="src\fl\math\mat4.cpp">
      <Filter>Source Files</Filter>
    </ClCompile>
    <ClCompile Include="src\fl\math\Quaternion.cpp">
      <Filter>Source Files</Filter>
    </ClCompile>
    <ClCompile Include="src\fl\math\Rectangle.cpp">
      <Filter>Source Files</Filter>
    </ClCompile>
    <ClCompile Include="src\fl\math\vec2.cpp">
      <Filter>Source Files</Filter>
    </ClCompile>
    <ClCompile Include="src\fl\math\vec3.cpp">
      <Filter>Source Files</Filter>
    </ClCompile>
    <ClCompile Include="src\fl\math\vec4.cpp">
      <Filter>Source Files</Filter>
    </ClCompile>
    <ClCompile Include="src\fl\Application.cpp">
      <Filter>Source Files</Filter>
    </ClCompile>
    <ClCompile Include="src\fl\debug\ImGuiLayer.cpp">
      <Filter>Source Files</Filter>
    </ClCompile>
    <ClCompile Include="src\fl\ecs\MayaCameraComponent.cpp">
      <Filter>Source Files</Filter>
    </ClCompile>
    <ClCompile Include="src\fl\graphics\MayaCamera.cpp">
      <Filter>Source Files</Filter>
    </ClCompile>
    <ClCompile Include="src\fl\Input.cpp">
      <Filter>Source Files</Filter>
    </ClCompile>
  </ItemGroup>
  <ItemGroup>
    <None Include="src\fl\graphics\shaders\default\Simple.shader" />
    <None Include="src\fl\graphics\shaders\default\FullScreenQuad.shader" />
  </ItemGroup>
</Project>